
Microsoft Visual Studio Solution File, Format Version 12.00
# Visual Studio 15
VisualStudioVersion = 15.0.27130.2027
MinimumVisualStudioVersion = 10.0.40219.1
Project("{2150E333-8FDC-42A3-9474-1A3956D46DE8}") = "Data", "Data", "{F40C6EDD-0E45-4455-9B7A-47300A666196}"
EndProject
Project("{9A19103F-16F7-4668-BE54-9A1E7A4F7556}") = "TeleTwitterLInk.Data", "TeleTwitterLInk.Data\TeleTwitterLInk.Data.csproj", "{EF2ACE68-2ECD-4FD9-879D-A5E8641BA03D}"
EndProject
Project("{9A19103F-16F7-4668-BE54-9A1E7A4F7556}") = "TeleTwitterLink.Data.Models", "TeleTwitterLink.Data.Models\TeleTwitterLink.Data.Models.csproj", "{1A3C3FF8-2AF9-4432-B6FE-808A72E426DA}"
EndProject
Project("{2150E333-8FDC-42A3-9474-1A3956D46DE8}") = "Presentation", "Presentation", "{D50DA7A7-1F57-4316-8BFC-8AC56818C78C}"
EndProject
Project("{9A19103F-16F7-4668-BE54-9A1E7A4F7556}") = "TeleTwitterLink.Web", "TeleTwitterLink.Web\TeleTwitterLink.Web.csproj", "{E04D9D9F-B961-4627-9906-FE2655F2ECAA}"
EndProject
Project("{2150E333-8FDC-42A3-9474-1A3956D46DE8}") = "Business", "Business", "{68D7F8A2-E8F8-4FDB-89AC-FCA086382AC3}"
EndProject
Project("{FAE04EC0-301F-11D3-BF4B-00C04F79EFBC}") = "TeleTwitterLink.DTO", "TeleTwitterLink.DTO\TeleTwitterLink.DTO.csproj", "{B4164751-422D-4960-938A-C5DF94DC1B7C}"
EndProject
Project("{FAE04EC0-301F-11D3-BF4B-00C04F79EFBC}") = "TeleTwitterLink.Infrastructure", "TeleTwitterLink.Infrastructure\TeleTwitterLink.Infrastructure.csproj", "{D869B990-6562-4D16-874F-4F1CA4E24422}"
EndProject
Project("{FAE04EC0-301F-11D3-BF4B-00C04F79EFBC}") = "TeleTwitterLink.Services.Data", "TeleTwitterLink.Services.Data\TeleTwitterLink.Services.Data.csproj", "{F27F9534-B327-4BCD-899B-4C7AD40FEF8A}"
EndProject
Project("{FAE04EC0-301F-11D3-BF4B-00C04F79EFBC}") = "TeleTwitterLink.Services.External", "TeleTwitterLink.Services.External\TeleTwitterLink.Services.External.csproj", "{F3A2EA96-99C6-4B97-AA9B-6CD56C408B3B}"
EndProject
Global
	GlobalSection(SolutionConfigurationPlatforms) = preSolution
		Debug|Any CPU = Debug|Any CPU
		Release|Any CPU = Release|Any CPU
	EndGlobalSection
	GlobalSection(ProjectConfigurationPlatforms) = postSolution
		{EF2ACE68-2ECD-4FD9-879D-A5E8641BA03D}.Debug|Any CPU.ActiveCfg = Debug|Any CPU
		{EF2ACE68-2ECD-4FD9-879D-A5E8641BA03D}.Debug|Any CPU.Build.0 = Debug|Any CPU
		{EF2ACE68-2ECD-4FD9-879D-A5E8641BA03D}.Release|Any CPU.ActiveCfg = Release|Any CPU
		{EF2ACE68-2ECD-4FD9-879D-A5E8641BA03D}.Release|Any CPU.Build.0 = Release|Any CPU
		{1A3C3FF8-2AF9-4432-B6FE-808A72E426DA}.Debug|Any CPU.ActiveCfg = Debug|Any CPU
		{1A3C3FF8-2AF9-4432-B6FE-808A72E426DA}.Debug|Any CPU.Build.0 = Debug|Any CPU
		{1A3C3FF8-2AF9-4432-B6FE-808A72E426DA}.Release|Any CPU.ActiveCfg = Release|Any CPU
		{1A3C3FF8-2AF9-4432-B6FE-808A72E426DA}.Release|Any CPU.Build.0 = Release|Any CPU
		{E04D9D9F-B961-4627-9906-FE2655F2ECAA}.Debug|Any CPU.ActiveCfg = Debug|Any CPU
		{E04D9D9F-B961-4627-9906-FE2655F2ECAA}.Debug|Any CPU.Build.0 = Debug|Any CPU
		{E04D9D9F-B961-4627-9906-FE2655F2ECAA}.Release|Any CPU.ActiveCfg = Release|Any CPU
		{E04D9D9F-B961-4627-9906-FE2655F2ECAA}.Release|Any CPU.Build.0 = Release|Any CPU
		{B4164751-422D-4960-938A-C5DF94DC1B7C}.Debug|Any CPU.ActiveCfg = Debug|Any CPU
		{B4164751-422D-4960-938A-C5DF94DC1B7C}.Debug|Any CPU.Build.0 = Debug|Any CPU
		{B4164751-422D-4960-938A-C5DF94DC1B7C}.Release|Any CPU.ActiveCfg = Release|Any CPU
		{B4164751-422D-4960-938A-C5DF94DC1B7C}.Release|Any CPU.Build.0 = Release|Any CPU
		{D869B990-6562-4D16-874F-4F1CA4E24422}.Debug|Any CPU.ActiveCfg = Debug|Any CPU
		{D869B990-6562-4D16-874F-4F1CA4E24422}.Debug|Any CPU.Build.0 = Debug|Any CPU
		{D869B990-6562-4D16-874F-4F1CA4E24422}.Release|Any CPU.ActiveCfg = Release|Any CPU
		{D869B990-6562-4D16-874F-4F1CA4E24422}.Release|Any CPU.Build.0 = Release|Any CPU
		{F27F9534-B327-4BCD-899B-4C7AD40FEF8A}.Debug|Any CPU.ActiveCfg = Debug|Any CPU
		{F27F9534-B327-4BCD-899B-4C7AD40FEF8A}.Debug|Any CPU.Build.0 = Debug|Any CPU
		{F27F9534-B327-4BCD-899B-4C7AD40FEF8A}.Release|Any CPU.ActiveCfg = Release|Any CPU
		{F27F9534-B327-4BCD-899B-4C7AD40FEF8A}.Release|Any CPU.Build.0 = Release|Any CPU
		{F3A2EA96-99C6-4B97-AA9B-6CD56C408B3B}.Debug|Any CPU.ActiveCfg = Debug|Any CPU
		{F3A2EA96-99C6-4B97-AA9B-6CD56C408B3B}.Debug|Any CPU.Build.0 = Debug|Any CPU
		{F3A2EA96-99C6-4B97-AA9B-6CD56C408B3B}.Release|Any CPU.ActiveCfg = Release|Any CPU
		{F3A2EA96-99C6-4B97-AA9B-6CD56C408B3B}.Release|Any CPU.Build.0 = Release|Any CPU
	EndGlobalSection
	GlobalSection(SolutionProperties) = preSolution
		HideSolutionNode = FALSE
	EndGlobalSection
	GlobalSection(NestedProjects) = preSolution
		{EF2ACE68-2ECD-4FD9-879D-A5E8641BA03D} = {F40C6EDD-0E45-4455-9B7A-47300A666196}
		{1A3C3FF8-2AF9-4432-B6FE-808A72E426DA} = {F40C6EDD-0E45-4455-9B7A-47300A666196}
		{E04D9D9F-B961-4627-9906-FE2655F2ECAA} = {D50DA7A7-1F57-4316-8BFC-8AC56818C78C}
		{B4164751-422D-4960-938A-C5DF94DC1B7C} = {68D7F8A2-E8F8-4FDB-89AC-FCA086382AC3}
		{D869B990-6562-4D16-874F-4F1CA4E24422} = {68D7F8A2-E8F8-4FDB-89AC-FCA086382AC3}
		{F27F9534-B327-4BCD-899B-4C7AD40FEF8A} = {68D7F8A2-E8F8-4FDB-89AC-FCA086382AC3}
		{F3A2EA96-99C6-4B97-AA9B-6CD56C408B3B} = {68D7F8A2-E8F8-4FDB-89AC-FCA086382AC3}
	EndGlobalSection
	GlobalSection(ExtensibilityGlobals) = postSolution
		SolutionGuid = {4A693B67-1662-4E6D-B3FD-3490034D2DC9}
	EndGlobalSection
EndGlobal
